// !$*UTF8*$!
{
	archiveVersion = 1;
	classes = {
	};
	objectVersion = 55;
	objects = {

/* Begin PBXBuildFile section */
		75AD85E82726FEF2004AD0FA /* AppDelegate.swift in Sources */ = {isa = PBXBuildFile; fileRef = 75AD85E72726FEF2004AD0FA /* AppDelegate.swift */; };
		75AD85EA2726FEF2004AD0FA /* SceneDelegate.swift in Sources */ = {isa = PBXBuildFile; fileRef = 75AD85E92726FEF2004AD0FA /* SceneDelegate.swift */; };
		75AD85EC2726FEF2004AD0FA /* ViewController.swift in Sources */ = {isa = PBXBuildFile; fileRef = 75AD85EB2726FEF2004AD0FA /* ViewController.swift */; };
		75AD85EF2726FEF2004AD0FA /* Main.storyboard in Resources */ = {isa = PBXBuildFile; fileRef = 75AD85ED2726FEF2004AD0FA /* Main.storyboard */; };
		75AD85F12726FEF6004AD0FA /* Assets.xcassets in Resources */ = {isa = PBXBuildFile; fileRef = 75AD85F02726FEF6004AD0FA /* Assets.xcassets */; };
		75AD85F42726FEF6004AD0FA /* LaunchScreen.storyboard in Resources */ = {isa = PBXBuildFile; fileRef = 75AD85F22726FEF6004AD0FA /* LaunchScreen.storyboard */; };
		75AD85FF2726FEF7004AD0FA /* GithubActionsTests.swift in Sources */ = {isa = PBXBuildFile; fileRef = 75AD85FE2726FEF7004AD0FA /* GithubActionsTests.swift */; };
		75AD86092726FEF7004AD0FA /* GithubActionsUITests.swift in Sources */ = {isa = PBXBuildFile; fileRef = 75AD86082726FEF7004AD0FA /* GithubActionsUITests.swift */; };
		75AD860B2726FEF7004AD0FA /* GithubActionsUITestsLaunchTests.swift in Sources */ = {isa = PBXBuildFile; fileRef = 75AD860A2726FEF7004AD0FA /* GithubActionsUITestsLaunchTests.swift */; };
/* End PBXBuildFile section */

/* Begin PBXContainerItemProxy section */
		75AD85FB2726FEF7004AD0FA /* PBXContainerItemProxy */ = {
			isa = PBXContainerItemProxy;
			containerPortal = 75AD85DC2726FEF2004AD0FA /* Project object */;
			proxyType = 1;
			remoteGlobalIDString = 75AD85E32726FEF2004AD0FA;
			remoteInfo = GithubActions;
		};
		75AD86052726FEF7004AD0FA /* PBXContainerItemProxy */ = {
			isa = PBXContainerItemProxy;
			containerPortal = 75AD85DC2726FEF2004AD0FA /* Project object */;
			proxyType = 1;
			remoteGlobalIDString = 75AD85E32726FEF2004AD0FA;
			remoteInfo = GithubActions;
		};
/* End PBXContainerItemProxy section */

/* Begin PBXFileReference section */
		75AD85E42726FEF2004AD0FA /* GithubActions.app */ = {isa = PBXFileReference; explicitFileType = wrapper.application; includeInIndex = 0; path = GithubActions.app; sourceTree = BUILT_PRODUCTS_DIR; };
		75AD85E72726FEF2004AD0FA /* AppDelegate.swift */ = {isa = PBXFileReference; lastKnownFileType = sourcecode.swift; path = AppDelegate.swift; sourceTree = "<group>"; };
		75AD85E92726FEF2004AD0FA /* SceneDelegate.swift */ = {isa = PBXFileReference; lastKnownFileType = sourcecode.swift; path = SceneDelegate.swift; sourceTree = "<group>"; };
		75AD85EB2726FEF2004AD0FA /* ViewController.swift */ = {isa = PBXFileReference; lastKnownFileType = sourcecode.swift; path = ViewController.swift; sourceTree = "<group>"; };
		75AD85EE2726FEF2004AD0FA /* Base */ = {isa = PBXFileReference; lastKnownFileType = file.storyboard; name = Base; path = Base.lproj/Main.storyboard; sourceTree = "<group>"; };
		75AD85F02726FEF6004AD0FA /* Assets.xcassets */ = {isa = PBXFileReference; lastKnownFileType = folder.assetcatalog; path = Assets.xcassets; sourceTree = "<group>"; };
		75AD85F32726FEF6004AD0FA /* Base */ = {isa = PBXFileReference; lastKnownFileType = file.storyboard; name = Base; path = Base.lproj/LaunchScreen.storyboard; sourceTree = "<group>"; };
		75AD85F52726FEF6004AD0FA /* Info.plist */ = {isa = PBXFileReference; lastKnownFileType = text.plist.xml; path = Info.plist; sourceTree = "<group>"; };
		75AD85FA2726FEF7004AD0FA /* GithubActionsTests.xctest */ = {isa = PBXFileReference; explicitFileType = wrapper.cfbundle; includeInIndex = 0; path = GithubActionsTests.xctest; sourceTree = BUILT_PRODUCTS_DIR; };
		75AD85FE2726FEF7004AD0FA /* GithubActionsTests.swift */ = {isa = PBXFileReference; lastKnownFileType = sourcecode.swift; path = GithubActionsTests.swift; sourceTree = "<group>"; };
		75AD86042726FEF7004AD0FA /* GithubActionsUITests.xctest */ = {isa = PBXFileReference; explicitFileType = wrapper.cfbundle; includeInIndex = 0; path = GithubActionsUITests.xctest; sourceTree = BUILT_PRODUCTS_DIR; };
		75AD86082726FEF7004AD0FA /* GithubActionsUITests.swift */ = {isa = PBXFileReference; lastKnownFileType = sourcecode.swift; path = GithubActionsUITests.swift; sourceTree = "<group>"; };
		75AD860A2726FEF7004AD0FA /* GithubActionsUITestsLaunchTests.swift */ = {isa = PBXFileReference; lastKnownFileType = sourcecode.swift; path = GithubActionsUITestsLaunchTests.swift; sourceTree = "<group>"; };
/* End PBXFileReference section */

/* Begin PBXFrameworksBuildPhase section */
		75AD85E12726FEF2004AD0FA /* Frameworks */ = {
			isa = PBXFrameworksBuildPhase;
			buildActionMask = 2147483647;
			files = (
			);
			runOnlyForDeploymentPostprocessing = 0;
		};
		75AD85F72726FEF7004AD0FA /* Frameworks */ = {
			isa = PBXFrameworksBuildPhase;
			buildActionMask = 2147483647;
			files = (
			);
			runOnlyForDeploymentPostprocessing = 0;
		};
		75AD86012726FEF7004AD0FA /* Frameworks */ = {
			isa = PBXFrameworksBuildPhase;
			buildActionMask = 2147483647;
			files = (
			);
			runOnlyForDeploymentPostprocessing = 0;
		};
/* End PBXFrameworksBuildPhase section */

/* Begin PBXGroup section */
		75AD85DB2726FEF2004AD0FA = {
			isa = PBXGroup;
			children = (
				75AD85E62726FEF2004AD0FA /* GithubActions */,
				75AD85FD2726FEF7004AD0FA /* GithubActionsTests */,
				75AD86072726FEF7004AD0FA /* GithubActionsUITests */,
				75AD85E52726FEF2004AD0FA /* Products */,
			);
			sourceTree = "<group>";
		};
		75AD85E52726FEF2004AD0FA /* Products */ = {
			isa = PBXGroup;
			children = (
				75AD85E42726FEF2004AD0FA /* GithubActions.app */,
				75AD85FA2726FEF7004AD0FA /* GithubActionsTests.xctest */,
				75AD86042726FEF7004AD0FA /* GithubActionsUITests.xctest */,
			);
			name = Products;
			sourceTree = "<group>";
		};
		75AD85E62726FEF2004AD0FA /* GithubActions */ = {
			isa = PBXGroup;
			children = (
				75AD85E72726FEF2004AD0FA /* AppDelegate.swift */,
				75AD85E92726FEF2004AD0FA /* SceneDelegate.swift */,
				75AD85EB2726FEF2004AD0FA /* ViewController.swift */,
				75AD85ED2726FEF2004AD0FA /* Main.storyboard */,
				75AD85F02726FEF6004AD0FA /* Assets.xcassets */,
				75AD85F22726FEF6004AD0FA /* LaunchScreen.storyboard */,
				75AD85F52726FEF6004AD0FA /* Info.plist */,
			);
			path = GithubActions;
			sourceTree = "<group>";
		};
		75AD85FD2726FEF7004AD0FA /* GithubActionsTests */ = {
			isa = PBXGroup;
			children = (
				75AD85FE2726FEF7004AD0FA /* GithubActionsTests.swift */,
			);
			path = GithubActionsTests;
			sourceTree = "<group>";
		};
		75AD86072726FEF7004AD0FA /* GithubActionsUITests */ = {
			isa = PBXGroup;
			children = (
				75AD86082726FEF7004AD0FA /* GithubActionsUITests.swift */,
				75AD860A2726FEF7004AD0FA /* GithubActionsUITestsLaunchTests.swift */,
			);
			path = GithubActionsUITests;
			sourceTree = "<group>";
		};
/* End PBXGroup section */

/* Begin PBXNativeTarget section */
		75AD85E32726FEF2004AD0FA /* GithubActions */ = {
			isa = PBXNativeTarget;
			buildConfigurationList = 75AD860E2726FEF7004AD0FA /* Build configuration list for PBXNativeTarget "GithubActions" */;
			buildPhases = (
				75AD85E02726FEF2004AD0FA /* Sources */,
				75AD85E12726FEF2004AD0FA /* Frameworks */,
				75AD85E22726FEF2004AD0FA /* Resources */,
			);
			buildRules = (
			);
			dependencies = (
			);
			name = GithubActions;
			productName = GithubActions;
			productReference = 75AD85E42726FEF2004AD0FA /* GithubActions.app */;
			productType = "com.apple.product-type.application";
		};
		75AD85F92726FEF7004AD0FA /* GithubActionsTests */ = {
			isa = PBXNativeTarget;
			buildConfigurationList = 75AD86112726FEF7004AD0FA /* Build configuration list for PBXNativeTarget "GithubActionsTests" */;
			buildPhases = (
				75AD85F62726FEF7004AD0FA /* Sources */,
				75AD85F72726FEF7004AD0FA /* Frameworks */,
				75AD85F82726FEF7004AD0FA /* Resources */,
			);
			buildRules = (
			);
			dependencies = (
				75AD85FC2726FEF7004AD0FA /* PBXTargetDependency */,
			);
			name = GithubActionsTests;
			productName = GithubActionsTests;
			productReference = 75AD85FA2726FEF7004AD0FA /* GithubActionsTests.xctest */;
			productType = "com.apple.product-type.bundle.unit-test";
		};
		75AD86032726FEF7004AD0FA /* GithubActionsUITests */ = {
			isa = PBXNativeTarget;
			buildConfigurationList = 75AD86142726FEF7004AD0FA /* Build configuration list for PBXNativeTarget "GithubActionsUITests" */;
			buildPhases = (
				75AD86002726FEF7004AD0FA /* Sources */,
				75AD86012726FEF7004AD0FA /* Frameworks */,
				75AD86022726FEF7004AD0FA /* Resources */,
			);
			buildRules = (
			);
			dependencies = (
				75AD86062726FEF7004AD0FA /* PBXTargetDependency */,
			);
			name = GithubActionsUITests;
			productName = GithubActionsUITests;
			productReference = 75AD86042726FEF7004AD0FA /* GithubActionsUITests.xctest */;
			productType = "com.apple.product-type.bundle.ui-testing";
		};
/* End PBXNativeTarget section */

/* Begin PBXProject section */
		75AD85DC2726FEF2004AD0FA /* Project object */ = {
			isa = PBXProject;
			attributes = {
				BuildIndependentTargetsInParallel = 1;
				LastSwiftUpdateCheck = 1300;
				LastUpgradeCheck = 1300;
				TargetAttributes = {
					75AD85E32726FEF2004AD0FA = {
						CreatedOnToolsVersion = 13.0;
					};
					75AD85F92726FEF7004AD0FA = {
						CreatedOnToolsVersion = 13.0;
						TestTargetID = 75AD85E32726FEF2004AD0FA;
					};
					75AD86032726FEF7004AD0FA = {
						CreatedOnToolsVersion = 13.0;
						TestTargetID = 75AD85E32726FEF2004AD0FA;
					};
				};
			};
			buildConfigurationList = 75AD85DF2726FEF2004AD0FA /* Build configuration list for PBXProject "GithubActions" */;
			compatibilityVersion = "Xcode 13.0";
			developmentRegion = en;
			hasScannedForEncodings = 0;
			knownRegions = (
				en,
				Base,
			);
			mainGroup = 75AD85DB2726FEF2004AD0FA;
			productRefGroup = 75AD85E52726FEF2004AD0FA /* Products */;
			projectDirPath = "";
			projectRoot = "";
			targets = (
				75AD85E32726FEF2004AD0FA /* GithubActions */,
				75AD85F92726FEF7004AD0FA /* GithubActionsTests */,
				75AD86032726FEF7004AD0FA /* GithubActionsUITests */,
			);
		};
/* End PBXProject section */

/* Begin PBXResourcesBuildPhase section */
		75AD85E22726FEF2004AD0FA /* Resources */ = {
			isa = PBXResourcesBuildPhase;
			buildActionMask = 2147483647;
			files = (
				75AD85F42726FEF6004AD0FA /* LaunchScreen.storyboard in Resources */,
				75AD85F12726FEF6004AD0FA /* Assets.xcassets in Resources */,
				75AD85EF2726FEF2004AD0FA /* Main.storyboard in Resources */,
			);
			runOnlyForDeploymentPostprocessing = 0;
		};
		75AD85F82726FEF7004AD0FA /* Resources */ = {
			isa = PBXResourcesBuildPhase;
			buildActionMask = 2147483647;
			files = (
			);
			runOnlyForDeploymentPostprocessing = 0;
		};
		75AD86022726FEF7004AD0FA /* Resources */ = {
			isa = PBXResourcesBuildPhase;
			buildActionMask = 2147483647;
			files = (
			);
			runOnlyForDeploymentPostprocessing = 0;
		};
/* End PBXResourcesBuildPhase section */

/* Begin PBXSourcesBuildPhase section */
		75AD85E02726FEF2004AD0FA /* Sources */ = {
			isa = PBXSourcesBuildPhase;
			buildActionMask = 2147483647;
			files = (
				75AD85EC2726FEF2004AD0FA /* ViewController.swift in Sources */,
				75AD85E82726FEF2004AD0FA /* AppDelegate.swift in Sources */,
				75AD85EA2726FEF2004AD0FA /* SceneDelegate.swift in Sources */,
			);
			runOnlyForDeploymentPostprocessing = 0;
		};
		75AD85F62726FEF7004AD0FA /* Sources */ = {
			isa = PBXSourcesBuildPhase;
			buildActionMask = 2147483647;
			files = (
				75AD85FF2726FEF7004AD0FA /* GithubActionsTests.swift in Sources */,
			);
			runOnlyForDeploymentPostprocessing = 0;
		};
		75AD86002726FEF7004AD0FA /* Sources */ = {
			isa = PBXSourcesBuildPhase;
			buildActionMask = 2147483647;
			files = (
				75AD86092726FEF7004AD0FA /* GithubActionsUITests.swift in Sources */,
				75AD860B2726FEF7004AD0FA /* GithubActionsUITestsLaunchTests.swift in Sources */,
			);
			runOnlyForDeploymentPostprocessing = 0;
		};
/* End PBXSourcesBuildPhase section */

/* Begin PBXTargetDependency section */
		75AD85FC2726FEF7004AD0FA /* PBXTargetDependency */ = {
			isa = PBXTargetDependency;
			target = 75AD85E32726FEF2004AD0FA /* GithubActions */;
			targetProxy = 75AD85FB2726FEF7004AD0FA /* PBXContainerItemProxy */;
		};
		75AD86062726FEF7004AD0FA /* PBXTargetDependency */ = {
			isa = PBXTargetDependency;
			target = 75AD85E32726FEF2004AD0FA /* GithubActions */;
			targetProxy = 75AD86052726FEF7004AD0FA /* PBXContainerItemProxy */;
		};
/* End PBXTargetDependency section */

/* Begin PBXVariantGroup section */
		75AD85ED2726FEF2004AD0FA /* Main.storyboard */ = {
			isa = PBXVariantGroup;
			children = (
				75AD85EE2726FEF2004AD0FA /* Base */,
			);
			name = Main.storyboard;
			sourceTree = "<group>";
		};
		75AD85F22726FEF6004AD0FA /* LaunchScreen.storyboard */ = {
			isa = PBXVariantGroup;
			children = (
				75AD85F32726FEF6004AD0FA /* Base */,
			);
			name = LaunchScreen.storyboard;
			sourceTree = "<group>";
		};
/* End PBXVariantGroup section */

/* Begin XCBuildConfiguration section */
		75AD860C2726FEF7004AD0FA /* Debug */ = {
			isa = XCBuildConfiguration;
			buildSettings = {
				ALWAYS_SEARCH_USER_PATHS = NO;
				CLANG_ANALYZER_NONNULL = YES;
				CLANG_ANALYZER_NUMBER_OBJECT_CONVERSION = YES_AGGRESSIVE;
				CLANG_CXX_LANGUAGE_STANDARD = "gnu++17";
				CLANG_CXX_LIBRARY = "libc++";
				CLANG_ENABLE_MODULES = YES;
				CLANG_ENABLE_OBJC_ARC = YES;
				CLANG_ENABLE_OBJC_WEAK = YES;
				CLANG_WARN_BLOCK_CAPTURE_AUTORELEASING = YES;
				CLANG_WARN_BOOL_CONVERSION = YES;
				CLANG_WARN_COMMA = YES;
				CLANG_WARN_CONSTANT_CONVERSION = YES;
				CLANG_WARN_DEPRECATED_OBJC_IMPLEMENTATIONS = YES;
				CLANG_WARN_DIRECT_OBJC_ISA_USAGE = YES_ERROR;
				CLANG_WARN_DOCUMENTATION_COMMENTS = YES;
				CLANG_WARN_EMPTY_BODY = YES;
				CLANG_WARN_ENUM_CONVERSION = YES;
				CLANG_WARN_INFINITE_RECURSION = YES;
				CLANG_WARN_INT_CONVERSION = YES;
				CLANG_WARN_NON_LITERAL_NULL_CONVERSION = YES;
				CLANG_WARN_OBJC_IMPLICIT_RETAIN_SELF = YES;
				CLANG_WARN_OBJC_LITERAL_CONVERSION = YES;
				CLANG_WARN_OBJC_ROOT_CLASS = YES_ERROR;
				CLANG_WARN_QUOTED_INCLUDE_IN_FRAMEWORK_HEADER = YES;
				CLANG_WARN_RANGE_LOOP_ANALYSIS = YES;
				CLANG_WARN_STRICT_PROTOTYPES = YES;
				CLANG_WARN_SUSPICIOUS_MOVE = YES;
				CLANG_WARN_UNGUARDED_AVAILABILITY = YES_AGGRESSIVE;
				CLANG_WARN_UNREACHABLE_CODE = YES;
				CLANG_WARN__DUPLICATE_METHOD_MATCH = YES;
				COPY_PHASE_STRIP = NO;
				DEBUG_INFORMATION_FORMAT = dwarf;
				ENABLE_STRICT_OBJC_MSGSEND = YES;
				ENABLE_TESTABILITY = YES;
				GCC_C_LANGUAGE_STANDARD = gnu11;
				GCC_DYNAMIC_NO_PIC = NO;
				GCC_NO_COMMON_BLOCKS = YES;
				GCC_OPTIMIZATION_LEVEL = 0;
				GCC_PREPROCESSOR_DEFINITIONS = (
					"DEBUG=1",
					"$(inherited)",
				);
				GCC_WARN_64_TO_32_BIT_CONVERSION = YES;
				GCC_WARN_ABOUT_RETURN_TYPE = YES_ERROR;
				GCC_WARN_UNDECLARED_SELECTOR = YES;
				GCC_WARN_UNINITIALIZED_AUTOS = YES_AGGRESSIVE;
				GCC_WARN_UNUSED_FUNCTION = YES;
				GCC_WARN_UNUSED_VARIABLE = YES;
				IPHONEOS_DEPLOYMENT_TARGET = 15.0;
				MTL_ENABLE_DEBUG_INFO = INCLUDE_SOURCE;
				MTL_FAST_MATH = YES;
				ONLY_ACTIVE_ARCH = YES;
				SDKROOT = iphoneos;
				SWIFT_ACTIVE_COMPILATION_CONDITIONS = DEBUG;
				SWIFT_OPTIMIZATION_LEVEL = "-Onone";
			};
			name = Debug;
		};
		75AD860D2726FEF7004AD0FA /* Release */ = {
			isa = XCBuildConfiguration;
			buildSettings = {
				ALWAYS_SEARCH_USER_PATHS = NO;
				CLANG_ANALYZER_NONNULL = YES;
				CLANG_ANALYZER_NUMBER_OBJECT_CONVERSION = YES_AGGRESSIVE;
				CLANG_CXX_LANGUAGE_STANDARD = "gnu++17";
				CLANG_CXX_LIBRARY = "libc++";
				CLANG_ENABLE_MODULES = YES;
				CLANG_ENABLE_OBJC_ARC = YES;
				CLANG_ENABLE_OBJC_WEAK = YES;
				CLANG_WARN_BLOCK_CAPTURE_AUTORELEASING = YES;
				CLANG_WARN_BOOL_CONVERSION = YES;
				CLANG_WARN_COMMA = YES;
				CLANG_WARN_CONSTANT_CONVERSION = YES;
				CLANG_WARN_DEPRECATED_OBJC_IMPLEMENTATIONS = YES;
				CLANG_WARN_DIRECT_OBJC_ISA_USAGE = YES_ERROR;
				CLANG_WARN_DOCUMENTATION_COMMENTS = YES;
				CLANG_WARN_EMPTY_BODY = YES;
				CLANG_WARN_ENUM_CONVERSION = YES;
				CLANG_WARN_INFINITE_RECURSION = YES;
				CLANG_WARN_INT_CONVERSION = YES;
				CLANG_WARN_NON_LITERAL_NULL_CONVERSION = YES;
				CLANG_WARN_OBJC_IMPLICIT_RETAIN_SELF = YES;
				CLANG_WARN_OBJC_LITERAL_CONVERSION = YES;
				CLANG_WARN_OBJC_ROOT_CLASS = YES_ERROR;
				CLANG_WARN_QUOTED_INCLUDE_IN_FRAMEWORK_HEADER = YES;
				CLANG_WARN_RANGE_LOOP_ANALYSIS = YES;
				CLANG_WARN_STRICT_PROTOTYPES = YES;
				CLANG_WARN_SUSPICIOUS_MOVE = YES;
				CLANG_WARN_UNGUARDED_AVAILABILITY = YES_AGGRESSIVE;
				CLANG_WARN_UNREACHABLE_CODE = YES;
				CLANG_WARN__DUPLICATE_METHOD_MATCH = YES;
				COPY_PHASE_STRIP = NO;
				DEBUG_INFORMATION_FORMAT = "dwarf-with-dsym";
				ENABLE_NS_ASSERTIONS = NO;
				ENABLE_STRICT_OBJC_MSGSEND = YES;
				GCC_C_LANGUAGE_STANDARD = gnu11;
				GCC_NO_COMMON_BLOCKS = YES;
				GCC_WARN_64_TO_32_BIT_CONVERSION = YES;
				GCC_WARN_ABOUT_RETURN_TYPE = YES_ERROR;
				GCC_WARN_UNDECLARED_SELECTOR = YES;
				GCC_WARN_UNINITIALIZED_AUTOS = YES_AGGRESSIVE;
				GCC_WARN_UNUSED_FUNCTION = YES;
				GCC_WARN_UNUSED_VARIABLE = YES;
				IPHONEOS_DEPLOYMENT_TARGET = 15.0;
				MTL_ENABLE_DEBUG_INFO = NO;
				MTL_FAST_MATH = YES;
				SDKROOT = iphoneos;
				SWIFT_COMPILATION_MODE = wholemodule;
				SWIFT_OPTIMIZATION_LEVEL = "-O";
				VALIDATE_PRODUCT = YES;
			};
			name = Release;
		};
		75AD860F2726FEF7004AD0FA /* Debug */ = {
			isa = XCBuildConfiguration;
			buildSettings = {
				ASSETCATALOG_COMPILER_APPICON_NAME = AppIcon;
				ASSETCATALOG_COMPILER_GLOBAL_ACCENT_COLOR_NAME = AccentColor;
				CODE_SIGN_STYLE = Automatic;
				CURRENT_PROJECT_VERSION = 1;
				DEVELOPMENT_TEAM = J9BS6S636R;
				GENERATE_INFOPLIST_FILE = YES;
				INFOPLIST_FILE = GithubActions/Info.plist;
				INFOPLIST_KEY_UIApplicationSupportsIndirectInputEvents = YES;
				INFOPLIST_KEY_UILaunchStoryboardName = LaunchScreen;
				INFOPLIST_KEY_UIMainStoryboardFile = Main;
				INFOPLIST_KEY_UISupportedInterfaceOrientations_iPad = "UIInterfaceOrientationPortrait UIInterfaceOrientationPortraitUpsideDown UIInterfaceOrientationLandscapeLeft UIInterfaceOrientationLandscapeRight";
				INFOPLIST_KEY_UISupportedInterfaceOrientations_iPhone = "UIInterfaceOrientationPortrait UIInterfaceOrientationLandscapeLeft UIInterfaceOrientationLandscapeRight";
				LD_RUNPATH_SEARCH_PATHS = (
					"$(inherited)",
					"@executable_path/Frameworks",
				);
				MARKETING_VERSION = 1.0;
				PRODUCT_BUNDLE_IDENTIFIER = com.nikano.GithubActions;
				PRODUCT_NAME = "$(TARGET_NAME)";
				SWIFT_EMIT_LOC_STRINGS = YES;
				SWIFT_VERSION = 5.0;
				TARGETED_DEVICE_FAMILY = "1,2";
			};
			name = Debug;
		};
		75AD86102726FEF7004AD0FA /* Release */ = {
			isa = XCBuildConfiguration;
			buildSettings = {
				ASSETCATALOG_COMPILER_APPICON_NAME = AppIcon;
				ASSETCATALOG_COMPILER_GLOBAL_ACCENT_COLOR_NAME = AccentColor;
				CODE_SIGN_STYLE = Automatic;
				CURRENT_PROJECT_VERSION = 1;
				DEVELOPMENT_TEAM = J9BS6S636R;
				GENERATE_INFOPLIST_FILE = YES;
				INFOPLIST_FILE = GithubActions/Info.plist;
				INFOPLIST_KEY_UIApplicationSupportsIndirectInputEvents = YES;
				INFOPLIST_KEY_UILaunchStoryboardName = LaunchScreen;
				INFOPLIST_KEY_UIMainStoryboardFile = Main;
				INFOPLIST_KEY_UISupportedInterfaceOrientations_iPad = "UIInterfaceOrientationPortrait UIInterfaceOrientationPortraitUpsideDown UIInterfaceOrientationLandscapeLeft UIInterfaceOrientationLandscapeRight";
				INFOPLIST_KEY_UISupportedInterfaceOrientations_iPhone = "UIInterfaceOrientationPortrait UIInterfaceOrientationLandscapeLeft UIInterfaceOrientationLandscapeRight";
				LD_RUNPATH_SEARCH_PATHS = (
					"$(inherited)",
					"@executable_path/Frameworks",
				);
				MARKETING_VERSION = 1.0;
				PRODUCT_BUNDLE_IDENTIFIER = com.nikano.GithubActions;
				PRODUCT_NAME = "$(TARGET_NAME)";
				SWIFT_EMIT_LOC_STRINGS = YES;
				SWIFT_VERSION = 5.0;
				TARGETED_DEVICE_FAMILY = "1,2";
			};
			name = Release;
		};
		75AD86122726FEF7004AD0FA /* Debug */ = {
			isa = XCBuildConfiguration;
			buildSettings = {
				ALWAYS_EMBED_SWIFT_STANDARD_LIBRARIES = YES;
				BUNDLE_LOADER = "$(TEST_HOST)";
				CODE_SIGN_STYLE = Automatic;
				CURRENT_PROJECT_VERSION = 1;
				DEVELOPMENT_TEAM = J9BS6S636R;
				GENERATE_INFOPLIST_FILE = YES;
				IPHONEOS_DEPLOYMENT_TARGET = 15.0;
				LD_RUNPATH_SEARCH_PATHS = (
					"$(inherited)",
					"@executable_path/Frameworks",
					"@loader_path/Frameworks",
				);
				MARKETING_VERSION = 1.0;
				PRODUCT_BUNDLE_IDENTIFIER = com.nikano.GithubActionsTests;
				PRODUCT_NAME = "$(TARGET_NAME)";
				SWIFT_EMIT_LOC_STRINGS = NO;
				SWIFT_VERSION = 5.0;
				TARGETED_DEVICE_FAMILY = "1,2";
				TEST_HOST = "$(BUILT_PRODUCTS_DIR)/GithubActions.app/GithubActions";
			};
			name = Debug;
		};
		75AD86132726FEF7004AD0FA /* Release */ = {
			isa = XCBuildConfiguration;
			buildSettings = {
				ALWAYS_EMBED_SWIFT_STANDARD_LIBRARIES = YES;
				BUNDLE_LOADER = "$(TEST_HOST)";
				CODE_SIGN_STYLE = Automatic;
				CURRENT_PROJECT_VERSION = 1;
				DEVELOPMENT_TEAM = J9BS6S636R;
				GENERATE_INFOPLIST_FILE = YES;
				IPHONEOS_DEPLOYMENT_TARGET = 15.0;
				LD_RUNPATH_SEARCH_PATHS = (
					"$(inherited)",
					"@executable_path/Frameworks",
					"@loader_path/Frameworks",
				);
				MARKETING_VERSION = 1.0;
				PRODUCT_BUNDLE_IDENTIFIER = com.nikano.GithubActionsTests;
				PRODUCT_NAME = "$(TARGET_NAME)";
				SWIFT_EMIT_LOC_STRINGS = NO;
				SWIFT_VERSION = 5.0;
				TARGETED_DEVICE_FAMILY = "1,2";
				TEST_HOST = "$(BUILT_PRODUCTS_DIR)/GithubActions.app/GithubActions";
			};
			name = Release;
		};
		75AD86152726FEF7004AD0FA /* Debug */ = {
			isa = XCBuildConfiguration;
			buildSettings = {
				ALWAYS_EMBED_SWIFT_STANDARD_LIBRARIES = YES;
				CODE_SIGN_STYLE = Automatic;
				CURRENT_PROJECT_VERSION = 1;
				DEVELOPMENT_TEAM = J9BS6S636R;
				GENERATE_INFOPLIST_FILE = YES;
				LD_RUNPATH_SEARCH_PATHS = (
					"$(inherited)",
					"@executable_path/Frameworks",
					"@loader_path/Frameworks",
				);
				MARKETING_VERSION = 1.0;
				PRODUCT_BUNDLE_IDENTIFIER = com.nikano.GithubActionsUITests;
				PRODUCT_NAME = "$(TARGET_NAME)";
				SWIFT_EMIT_LOC_STRINGS = NO;
				SWIFT_VERSION = 5.0;
				TARGETED_DEVICE_FAMILY = "1,2";
				TEST_TARGET_NAME = GithubActions;
			};
			name = Debug;
		};
		75AD86162726FEF7004AD0FA /* Release */ = {
			isa = XCBuildConfiguration;
			buildSettings = {
				ALWAYS_EMBED_SWIFT_STANDARD_LIBRARIES = YES;
				CODE_SIGN_STYLE = Automatic;
				CURRENT_PROJECT_VERSION = 1;
				DEVELOPMENT_TEAM = J9BS6S636R;
				GENERATE_INFOPLIST_FILE = YES;
				LD_RUNPATH_SEARCH_PATHS = (
					"$(inherited)",
					"@executable_path/Frameworks",
					"@loader_path/Frameworks",
				);
				MARKETING_VERSION = 1.0;
				PRODUCT_BUNDLE_IDENTIFIER = com.nikano.GithubActionsUITests;
				PRODUCT_NAME = "$(TARGET_NAME)";
				SWIFT_EMIT_LOC_STRINGS = NO;
				SWIFT_VERSION = 5.0;
				TARGETED_DEVICE_FAMILY = "1,2";
				TEST_TARGET_NAME = GithubActions;
			};
			name = Release;
		};
/* End XCBuildConfiguration section */

/* Begin XCConfigurationList section */
		75AD85DF2726FEF2004AD0FA /* Build configuration list for PBXProject "GithubActions" */ = {
			isa = XCConfigurationList;
			buildConfigurations = (
				75AD860C2726FEF7004AD0FA /* Debug */,
				75AD860D2726FEF7004AD0FA /* Release */,
			);
			defaultConfigurationIsVisible = 0;
			defaultConfigurationName = Release;
		};
		75AD860E2726FEF7004AD0FA /* Build configuration list for PBXNativeTarget "GithubActions" */ = {
			isa = XCConfigurationList;
			buildConfigurations = (
				75AD860F2726FEF7004AD0FA /* Debug */,
				75AD86102726FEF7004AD0FA /* Release */,
			);
			defaultConfigurationIsVisible = 0;
			defaultConfigurationName = Release;
		};
		75AD86112726FEF7004AD0FA /* Build configuration list for PBXNativeTarget "GithubActionsTests" */ = {
			isa = XCConfigurationList;
			buildConfigurations = (
				75AD86122726FEF7004AD0FA /* Debug */,
				75AD86132726FEF7004AD0FA /* Release */,
			);
			defaultConfigurationIsVisible = 0;
			defaultConfigurationName = Release;
		};
		75AD86142726FEF7004AD0FA /* Build configuration list for PBXNativeTarget "GithubActionsUITests" */ = {
			isa = XCConfigurationList;
			buildConfigurations = (
				75AD86152726FEF7004AD0FA /* Debug */,
				75AD86162726FEF7004AD0FA /* Release */,
			);
			defaultConfigurationIsVisible = 0;
			defaultConfigurationName = Release;
		};
/* End XCConfigurationList section */
	};
	rootObject = 75AD85DC2726FEF2004AD0FA /* Project object */;
}
